
Microsoft Visual Studio Solution File, Format Version 12.00
# Visual Studio Version 16
VisualStudioVersion = 16.0.31229.75
MinimumVisualStudioVersion = 10.0.40219.1
Project("{FAE04EC0-301F-11D3-BF4B-00C04F79EFBC}") = "ejercicio4", "ejercicio4\ejercicio4.csproj", "{55EB9473-0B06-4EEA-A5C3-16C5A8625418}"
EndProject
Global
	GlobalSection(SolutionConfigurationPlatforms) = preSolution
		Debug|Any CPU = Debug|Any CPU
		Release|Any CPU = Release|Any CPU
	EndGlobalSection
	GlobalSection(ProjectConfigurationPlatforms) = postSolution
		{55EB9473-0B06-4EEA-A5C3-16C5A8625418}.Debug|Any CPU.ActiveCfg = Debug|Any CPU
		{55EB9473-0B06-4EEA-A5C3-16C5A8625418}.Debug|Any CPU.Build.0 = Debug|Any CPU
		{55EB9473-0B06-4EEA-A5C3-16C5A8625418}.Release|Any CPU.ActiveCfg = Release|Any CPU
		{55EB9473-0B06-4EEA-A5C3-16C5A8625418}.Release|Any CPU.Build.0 = Release|Any CPU
	EndGlobalSection
	GlobalSection(SolutionProperties) = preSolution
		HideSolutionNode = FALSE
	EndGlobalSection
	GlobalSection(ExtensibilityGlobals) = postSolution
		SolutionGuid = {6DB69192-8F12-46B5-8F75-9F78A195B06F}
	EndGlobalSection
EndGlobal
